
Microsoft Visual Studio Solution File, Format Version 12.00
Project("{FAE04EC0-301F-11D3-BF4B-00C04F79EFBC}") = "Tusk_1", "Tusk_1\Tusk_1.csproj", "{6A156B08-0D73-4C39-94ED-81D9EEA40026}"
EndProject
Project("{FAE04EC0-301F-11D3-BF4B-00C04F79EFBC}") = "Tusk_3", "Tusk_3\Tusk_3.csproj", "{4E3EDF88-50D8-431F-8255-A3A006744662}"
EndProject
Global
	GlobalSection(SolutionConfigurationPlatforms) = preSolution
		Debug|Any CPU = Debug|Any CPU
		Release|Any CPU = Release|Any CPU
	EndGlobalSection
	GlobalSection(ProjectConfigurationPlatforms) = postSolution
		{6A156B08-0D73-4C39-94ED-81D9EEA40026}.Debug|Any CPU.ActiveCfg = Debug|Any CPU
		{6A156B08-0D73-4C39-94ED-81D9EEA40026}.Debug|Any CPU.Build.0 = Debug|Any CPU
		{6A156B08-0D73-4C39-94ED-81D9EEA40026}.Release|Any CPU.ActiveCfg = Release|Any CPU
		{6A156B08-0D73-4C39-94ED-81D9EEA40026}.Release|Any CPU.Build.0 = Release|Any CPU
		{4E3EDF88-50D8-431F-8255-A3A006744662}.Debug|Any CPU.ActiveCfg = Debug|Any CPU
		{4E3EDF88-50D8-431F-8255-A3A006744662}.Debug|Any CPU.Build.0 = Debug|Any CPU
		{4E3EDF88-50D8-431F-8255-A3A006744662}.Release|Any CPU.ActiveCfg = Release|Any CPU
		{4E3EDF88-50D8-431F-8255-A3A006744662}.Release|Any CPU.Build.0 = Release|Any CPU
	EndGlobalSection
EndGlobal
